
Microsoft Visual Studio Solution File, Format Version 12.00
# Visual Studio Version 17
VisualStudioVersion = 17.1.32421.90
MinimumVisualStudioVersion = 10.0.40219.1
Project("{FAE04EC0-301F-11D3-BF4B-00C04F79EFBC}") = "Calculator", "Calculator\Calculator.csproj", "{F80DEE28-AAF6-4A90-B29D-FAE42E8E0193}"
EndProject
Global
	GlobalSection(SolutionConfigurationPlatforms) = preSolution
		Debug|Any CPU = Debug|Any CPU
		Release|Any CPU = Release|Any CPU
	EndGlobalSection
	GlobalSection(ProjectConfigurationPlatforms) = postSolution
		{F80DEE28-AAF6-4A90-B29D-FAE42E8E0193}.Debug|Any CPU.ActiveCfg = Debug|Any CPU
		{F80DEE28-AAF6-4A90-B29D-FAE42E8E0193}.Debug|Any CPU.Build.0 = Debug|Any CPU
		{F80DEE28-AAF6-4A90-B29D-FAE42E8E0193}.Release|Any CPU.ActiveCfg = Release|Any CPU
		{F80DEE28-AAF6-4A90-B29D-FAE42E8E0193}.Release|Any CPU.Build.0 = Release|Any CPU
	EndGlobalSection
	GlobalSection(SolutionProperties) = preSolution
		HideSolutionNode = FALSE
	EndGlobalSection
	GlobalSection(ExtensibilityGlobals) = postSolution
		SolutionGuid = {45832557-E5CD-4E58-9B94-069756B60535}
	EndGlobalSection
EndGlobal
